{
  "nodes": {
    "alternaut-vim": {
      "flake": false,
      "locked": {
        "lastModified": 1617264031,
        "narHash": "sha256-Dj1qx+pTDo+CE4U7gB7F6F/WL+st40oufdHBRdyx1aA=",
        "owner": "PsychoLlama",
        "repo": "alternaut.vim",
        "rev": "5cd92a74a78b1cfc111c8ef6de31e827ead81879",
        "type": "github"
      },
      "original": {
        "owner": "PsychoLlama",
        "ref": "main",
        "repo": "alternaut.vim",
        "type": "github"
      }
    },
    "further-vim": {
      "flake": false,
      "locked": {
        "lastModified": 1594177442,
        "narHash": "sha256-kninGuoM3Q6TvRrdsVa+PMTai938jeI28/JaOQOCqQM=",
        "owner": "PsychoLlama",
        "repo": "further.vim",
        "rev": "2679c53d108381444b86d9fdcbbaa2833cd0235e",
        "type": "github"
      },
      "original": {
        "owner": "PsychoLlama",
        "ref": "master",
        "repo": "further.vim",
        "type": "github"
      }
    },
    "navitron-nvim": {
      "flake": false,
      "locked": {
        "lastModified": 1609278061,
        "narHash": "sha256-B/w3FSsoSgL2m+0JhI4XM6o3+K0L+5EQOaDWhqCjVUk=",
        "owner": "PsychoLlama",
        "repo": "navitron.vim",
        "rev": "4f7b319f425a4959f2b8bfe1f2cb08beb6937362",
        "type": "github"
      },
      "original": {
        "owner": "PsychoLlama",
        "ref": "main",
        "repo": "navitron.vim",
        "type": "github"
      }
    },
    "nginx-vim": {
      "flake": false,
      "locked": {
        "lastModified": 1633281202,
        "narHash": "sha256-7GYNhnoTx7y+xo9dkfaO8KCM7StPFY8P1ldTFD9pGZ0=",
        "owner": "chr4",
        "repo": "nginx.vim",
        "rev": "ceeab164880ad90e73ab1be31dc3932777b9ef20",
        "type": "github"
      },
      "original": {
        "owner": "chr4",
        "repo": "nginx.vim",
        "type": "github"
      }
    },
    "nixpkgs": {
      "locked": {
        "lastModified": 1638159152,
        "narHash": "sha256-M6kwz4ko54zC3ev5LMhmqxWDNFhpN80zN0pckmWmGLI=",
        "owner": "NixOS",
        "repo": "nixpkgs",
        "rev": "7dcd2f54b82826b05cfd91730a1d77b5d80f008c",
        "type": "github"
      },
      "original": {
        "owner": "NixOS",
        "ref": "master",
        "repo": "nixpkgs",
        "type": "github"
      }
    },
    "root": {
      "inputs": {
        "alternaut-vim": "alternaut-vim",
        "further-vim": "further-vim",
        "navitron-nvim": "navitron-nvim",
        "nginx-vim": "nginx-vim",
        "nixpkgs": "nixpkgs",
        "teleport-vim": "teleport-vim",
        "unison-vim": "unison-vim",
        "vim-nand2tetris": "vim-nand2tetris"
      }
    },
    "teleport-vim": {
      "flake": false,
      "locked": {
        "lastModified": 1607511129,
        "narHash": "sha256-rz1zU8UhMQqRGlrVHvs+KuDECh042hKjSMGKPIGgGxY=",
        "owner": "PsychoLlama",
        "repo": "teleport.vim",
        "rev": "5cc0369a8cb5f6568fb65ad100fbf4de5cfc5514",
        "type": "github"
      },
      "original": {
        "owner": "PsychoLlama",
        "ref": "master",
        "repo": "teleport.vim",
        "type": "github"
      }
    },
    "unison-vim": {
      "flake": false,
      "locked": {
        "lastModified": 1638119593,
        "narHash": "sha256-7riGcFNJJ2JHJFJ3IiW0TpgYGUyOr1RFbwTkDEOAVcs=",
        "owner": "unisonweb",
        "repo": "unison",
        "rev": "1be6574d28241b73a0f634d18353378ceb707d63",
        "type": "github"
      },
      "original": {
        "owner": "unisonweb",
        "repo": "unison",
        "type": "github"
      }
    },
    "vim-nand2tetris": {
      "flake": false,
      "locked": {
        "lastModified": 1509026020,
        "narHash": "sha256-lua+XdVohOG6lUSP5inHEUpUwlVTP6zsKLJagMnGZYs=",
        "owner": "sevko",
        "repo": "vim-nand2tetris-syntax",
        "rev": "f5d43604fc5f36a533bbf9e0cede09701f6b6c5a",
        "type": "github"
      },
      "original": {
        "owner": "sevko",
        "ref": "master",
        "repo": "vim-nand2tetris-syntax",
        "type": "github"
      }
    }
  },
  "root": "root",
  "version": 7
}
